
Microsoft Visual Studio Solution File, Format Version 12.00
# Visual Studio Version 17
VisualStudioVersion = 17.0.32112.339
MinimumVisualStudioVersion = 10.0.40219.1
Project("{9A19103F-16F7-4668-BE54-9A1E7A4F7556}") = "UnitTest_Moq_Example", "UnitTest_Moq_Example\UnitTest_Moq_Example.csproj", "{0E442014-51E0-49E3-962C-CC05ACFFE35A}"
EndProject
Project("{2150E333-8FDC-42A3-9474-1A3956D46DE8}") = "Tests", "Tests", "{F67C16C4-DD7F-4A12-9EDF-E540E09524F6}"
EndProject
Project("{9A19103F-16F7-4668-BE54-9A1E7A4F7556}") = "MoqExample.Test", "MoqExample.Test\MoqExample.Test.csproj", "{45327C18-F0DB-4CEF-B3A1-C27C49A8CCC3}"
EndProject
Global
	GlobalSection(SolutionConfigurationPlatforms) = preSolution
		Debug|Any CPU = Debug|Any CPU
		Release|Any CPU = Release|Any CPU
	EndGlobalSection
	GlobalSection(ProjectConfigurationPlatforms) = postSolution
		{0E442014-51E0-49E3-962C-CC05ACFFE35A}.Debug|Any CPU.ActiveCfg = Debug|Any CPU
		{0E442014-51E0-49E3-962C-CC05ACFFE35A}.Debug|Any CPU.Build.0 = Debug|Any CPU
		{0E442014-51E0-49E3-962C-CC05ACFFE35A}.Release|Any CPU.ActiveCfg = Release|Any CPU
		{0E442014-51E0-49E3-962C-CC05ACFFE35A}.Release|Any CPU.Build.0 = Release|Any CPU
		{45327C18-F0DB-4CEF-B3A1-C27C49A8CCC3}.Debug|Any CPU.ActiveCfg = Debug|Any CPU
		{45327C18-F0DB-4CEF-B3A1-C27C49A8CCC3}.Debug|Any CPU.Build.0 = Debug|Any CPU
		{45327C18-F0DB-4CEF-B3A1-C27C49A8CCC3}.Release|Any CPU.ActiveCfg = Release|Any CPU
		{45327C18-F0DB-4CEF-B3A1-C27C49A8CCC3}.Release|Any CPU.Build.0 = Release|Any CPU
	EndGlobalSection
	GlobalSection(SolutionProperties) = preSolution
		HideSolutionNode = FALSE
	EndGlobalSection
	GlobalSection(NestedProjects) = preSolution
		{45327C18-F0DB-4CEF-B3A1-C27C49A8CCC3} = {F67C16C4-DD7F-4A12-9EDF-E540E09524F6}
	EndGlobalSection
	GlobalSection(ExtensibilityGlobals) = postSolution
		SolutionGuid = {FB1BDE9E-5CFE-4DA0-BFF7-105709C7E5AF}
	EndGlobalSection
EndGlobal
